{
  "version": 4,
  "terraform_version": "1.12.1",
  "serial": 193,
  "lineage": "a1de1eb6-c3e7-7cf8-7b99-0c4e14d27474",
  "outputs": {
    "data_bucket_arn": {
      "value": "arn:aws:s3:::mlops-hate-speech-data-bucket-us-east-1",
      "type": "string"
    },
    "data_bucket_hate_speach": {
      "value": "mlops-hate-speech-data-bucket-us-east-1",
      "type": "string"
    },
    "ec2_instance_id": {
      "value": "i-00977d4f0ea27d0d7",
      "type": "string"
    },
    "ec2_public_ip": {
      "value": "54.226.23.229",
      "type": "string"
    }
  },
  "resources": [
    {
      "mode": "data",
      "type": "aws_ami",
      "name": "amazon_linux_latest",
      "provider": "provider[\"registry.terraform.io/hashicorp/aws\"]",
      "instances": [
        {
          "schema_version": 0,
          "attributes": {
            "architecture": "x86_64",
            "arn": "arn:aws:ec2:us-east-1::image/ami-0fd26c36a83ae0088",
            "block_device_mappings": [
              {
                "device_name": "/dev/xvda",
                "ebs": {
                  "delete_on_termination": "true",
                  "encrypted": "false",
                  "iops": "3000",
                  "snapshot_id": "snap-09572751a2cf59cff",
                  "throughput": "125",
                  "volume_initialization_rate": "0",
                  "volume_size": "30",
                  "volume_type": "gp3"
                },
                "no_device": "",
                "virtual_name": ""
              }
            ],
            "boot_mode": "uefi-preferred",
            "creation_date": "2025-06-26T23:39:24.000Z",
            "deprecation_time": "2027-06-26T23:39:24.000Z",
            "description": "Amazon Linux AMI 2023.0.20250626 x86_64 ECS HVM EBS",
            "ena_support": true,
            "executable_users": null,
            "filter": [
              {
                "name": "name",
                "values": [
                  "al2023-ami-*-kernel-6.1-x86_64"
                ]
              },
              {
                "name": "virtualization-type",
                "values": [
                  "hvm"
                ]
              }
            ],
            "hypervisor": "xen",
            "id": "ami-0fd26c36a83ae0088",
            "image_id": "ami-0fd26c36a83ae0088",
            "image_location": "amazon/al2023-ami-ecs-neuron-hvm-2023.0.20250626-kernel-6.1-x86_64",
            "image_owner_alias": "amazon",
            "image_type": "machine",
            "imds_support": "v2.0",
            "include_deprecated": false,
            "kernel_id": "",
            "last_launched_time": "",
            "most_recent": true,
            "name": "al2023-ami-ecs-neuron-hvm-2023.0.20250626-kernel-6.1-x86_64",
            "name_regex": null,
            "owner_id": "591542846629",
            "owners": [
              "amazon"
            ],
            "platform": "",
            "platform_details": "Linux/UNIX",
            "product_codes": [],
            "public": true,
            "ramdisk_id": "",
            "root_device_name": "/dev/xvda",
            "root_device_type": "ebs",
            "root_snapshot_id": "snap-09572751a2cf59cff",
            "sriov_net_support": "simple",
            "state": "available",
            "state_reason": {
              "code": "UNSET",
              "message": "UNSET"
            },
            "tags": {},
            "timeouts": null,
            "tpm_support": "",
            "uefi_data": null,
            "usage_operation": "RunInstances",
            "virtualization_type": "hvm"
          },
          "sensitive_attributes": [],
          "identity_schema_version": 0
        }
      ]
    },
    {
      "mode": "data",
      "type": "aws_vpc",
      "name": "default_vpc",
      "provider": "provider[\"registry.terraform.io/hashicorp/aws\"]",
      "instances": [
        {
          "schema_version": 0,
          "attributes": {
            "arn": "arn:aws:ec2:us-east-1:851547774609:vpc/vpc-0f3d6b2b8c008d3c9",
            "cidr_block": "172.31.0.0/16",
            "cidr_block_associations": [
              {
                "association_id": "vpc-cidr-assoc-02f1041a2b3ed202e",
                "cidr_block": "172.31.0.0/16",
                "state": "associated"
              }
            ],
            "default": true,
            "dhcp_options_id": "dopt-0f1e894bd7c340035",
            "enable_dns_hostnames": true,
            "enable_dns_support": true,
            "enable_network_address_usage_metrics": false,
            "filter": null,
            "id": "vpc-0f3d6b2b8c008d3c9",
            "instance_tenancy": "default",
            "ipv6_association_id": "",
            "ipv6_cidr_block": "",
            "main_route_table_id": "rtb-0a4626cfa958d4906",
            "owner_id": "851547774609",
            "state": null,
            "tags": {},
            "timeouts": null
          },
          "sensitive_attributes": [],
          "identity_schema_version": 0
        }
      ]
    },
    {
      "mode": "managed",
      "type": "aws_iam_instance_profile",
      "name": "ec2_profile",
      "provider": "provider[\"registry.terraform.io/hashicorp/aws\"]",
      "instances": [
        {
          "schema_version": 0,
          "attributes": {
            "arn": "arn:aws:iam::851547774609:instance-profile/mlops-hate-speech-ec2-profile",
            "create_date": "2025-07-06T15:36:17Z",
            "id": "mlops-hate-speech-ec2-profile",
            "name": "mlops-hate-speech-ec2-profile",
            "name_prefix": "",
            "path": "/",
            "role": "mlops-hate-speech-ec2-s3-access-role",
            "tags": null,
            "tags_all": {},
            "unique_id": "AIPA4MRBT32I3SLWZRO55"
          },
          "sensitive_attributes": [],
          "identity_schema_version": 0,
          "private": "bnVsbA==",
          "dependencies": [
            "aws_iam_role.ec2_s3_access_role"
          ]
        }
      ]
    },
    {
      "mode": "managed",
      "type": "aws_iam_role",
      "name": "ec2_s3_access_role",
      "provider": "provider[\"registry.terraform.io/hashicorp/aws\"]",
      "instances": [
        {
          "schema_version": 0,
          "attributes": {
            "arn": "arn:aws:iam::851547774609:role/mlops-hate-speech-ec2-s3-access-role",
            "assume_role_policy": "{\"Statement\":[{\"Action\":\"sts:AssumeRole\",\"Effect\":\"Allow\",\"Principal\":{\"Service\":\"ec2.amazonaws.com\"}}],\"Version\":\"2012-10-17\"}",
            "create_date": "2025-07-06T15:36:17Z",
            "description": "",
            "force_detach_policies": false,
            "id": "mlops-hate-speech-ec2-s3-access-role",
            "inline_policy": [],
            "managed_policy_arns": [],
            "max_session_duration": 3600,
            "name": "mlops-hate-speech-ec2-s3-access-role",
            "name_prefix": "",
            "path": "/",
            "permissions_boundary": "",
            "tags": {
              "Environment": "dev",
              "Project": "mlops-hate-speech"
            },
            "tags_all": {
              "Environment": "dev",
              "Project": "mlops-hate-speech"
            },
            "unique_id": "AROA4MRBT32ISSAWSAAB2"
          },
          "sensitive_attributes": [],
          "identity_schema_version": 0,
          "private": "bnVsbA=="
        }
      ]
    },
    {
      "mode": "managed",
      "type": "aws_iam_role_policy",
      "name": "ec2_s3_policy",
      "provider": "provider[\"registry.terraform.io/hashicorp/aws\"]",
      "instances": [
        {
          "schema_version": 0,
          "attributes": {
            "id": "mlops-hate-speech-ec2-s3-access-role:mlops-hate-speech-ec2-s3-policy",
            "name": "mlops-hate-speech-ec2-s3-policy",
            "name_prefix": "",
            "policy": "{\"Version\":\"2012-10-17\",\"Statement\":[{\"Action\":[\"s3:GetObject\",\"s3:PutObject\",\"s3:ListBucket\",\"s3:DeleteObject\"],\"Effect\":\"Allow\",\"Resource\":[\"arn:aws:s3:::mlops-hate-speech-data-bucket-us-east-1\",\"arn:aws:s3:::mlops-hate-speech-data-bucket-us-east-1/*\"]},{\"Action\":[\"logs:CreateLogGroup\",\"logs:CreateLogStream\",\"logs:PutLogEvents\"],\"Effect\":\"Allow\",\"Resource\":\"arn:aws:logs:*:*:*\"}]}",
            "role": "mlops-hate-speech-ec2-s3-access-role"
          },
          "sensitive_attributes": [],
          "identity_schema_version": 0,
          "private": "bnVsbA==",
          "dependencies": [
            "aws_iam_role.ec2_s3_access_role",
            "aws_s3_bucket.data_bucket"
          ]
        }
      ]
    },
    {
      "mode": "managed",
      "type": "aws_instance",
      "name": "mlops_compute_instance",
      "provider": "provider[\"registry.terraform.io/hashicorp/aws\"]",
      "instances": [
        {
          "schema_version": 1,
          "attributes": {
            "ami": "ami-0fd26c36a83ae0088",
            "arn": "arn:aws:ec2:us-east-1:851547774609:instance/i-00977d4f0ea27d0d7",
            "associate_public_ip_address": true,
            "availability_zone": "us-east-1c",
            "capacity_reservation_specification": [
              {
                "capacity_reservation_preference": "open",
                "capacity_reservation_target": []
              }
            ],
            "cpu_core_count": 1,
            "cpu_options": [
              {
                "amd_sev_snp": "",
                "core_count": 1,
                "threads_per_core": 1
              }
            ],
            "cpu_threads_per_core": 1,
            "credit_specification": [
              {
                "cpu_credits": "standard"
              }
            ],
            "disable_api_stop": false,
            "disable_api_termination": false,
            "ebs_block_device": [],
            "ebs_optimized": false,
            "enable_primary_ipv6": null,
            "enclave_options": [
              {
                "enabled": false
              }
            ],
            "ephemeral_block_device": [],
            "get_password_data": false,
            "hibernation": false,
            "host_id": "",
            "host_resource_group_arn": null,
            "iam_instance_profile": "mlops-hate-speech-ec2-profile",
            "id": "i-00977d4f0ea27d0d7",
            "instance_initiated_shutdown_behavior": "stop",
            "instance_lifecycle": "",
            "instance_market_options": [],
            "instance_state": "running",
            "instance_type": "t2.micro",
            "ipv6_address_count": 0,
            "ipv6_addresses": [],
            "key_name": "mlops-hate-speech-ec2-key",
            "launch_template": [],
            "maintenance_options": [
              {
                "auto_recovery": "default"
              }
            ],
            "metadata_options": [
              {
                "http_endpoint": "enabled",
                "http_protocol_ipv6": "disabled",
                "http_put_response_hop_limit": 2,
                "http_tokens": "required",
                "instance_metadata_tags": "disabled"
              }
            ],
            "monitoring": false,
            "network_interface": [],
            "outpost_arn": "",
            "password_data": "",
            "placement_group": "",
            "placement_partition_number": 0,
            "primary_network_interface_id": "eni-0ee660d7e5d5e6586",
            "private_dns": "ip-172-31-16-83.ec2.internal",
            "private_dns_name_options": [
              {
                "enable_resource_name_dns_a_record": false,
                "enable_resource_name_dns_aaaa_record": false,
                "hostname_type": "ip-name"
              }
            ],
            "private_ip": "172.31.16.83",
            "public_dns": "ec2-54-226-23-229.compute-1.amazonaws.com",
            "public_ip": "54.226.23.229",
            "root_block_device": [
              {
                "delete_on_termination": true,
                "device_name": "/dev/xvda",
                "encrypted": false,
                "iops": 100,
                "kms_key_id": "",
                "tags": null,
                "tags_all": {},
                "throughput": 0,
                "volume_id": "vol-0bc2d007c12e27306",
                "volume_size": 30,
                "volume_type": "gp2"
              }
            ],
            "secondary_private_ips": [],
            "security_groups": [
              "mlops-hate-speech-ec2-sg"
            ],
            "source_dest_check": true,
            "spot_instance_request_id": "",
            "subnet_id": "subnet-0090a87d77a689398",
            "tags": {
              "Environment": "dev",
              "Name": "mlops-hate-speech-compute-instance",
              "Project": "mlops-hate-speech"
            },
            "tags_all": {
              "Environment": "dev",
              "Name": "mlops-hate-speech-compute-instance",
              "Project": "mlops-hate-speech"
            },
            "tenancy": "default",
            "timeouts": null,
            "user_data": "e9effba189ece14634c2eab42b4375309b0daad9",
            "user_data_base64": null,
            "user_data_replace_on_change": false,
            "volume_tags": null,
            "vpc_security_group_ids": [
              "sg-08b75d604e832984a"
            ]
          },
          "sensitive_attributes": [],
          "identity_schema_version": 0,
          "private": "eyJlMmJmYjczMC1lY2FhLTExZTYtOGY4OC0zNDM2M2JjN2M0YzAiOnsiY3JlYXRlIjo2MDAwMDAwMDAwMDAsImRlbGV0ZSI6MTIwMDAwMDAwMDAwMCwicmVhZCI6OTAwMDAwMDAwMDAwLCJ1cGRhdGUiOjYwMDAwMDAwMDAwMH0sInNjaGVtYV92ZXJzaW9uIjoiMSJ9",
          "dependencies": [
            "aws_iam_instance_profile.ec2_profile",
            "aws_iam_role.ec2_s3_access_role",
            "aws_key_pair.mlops_key_pair",
            "aws_security_group.ec2_security_group",
            "data.aws_ami.amazon_linux_latest",
            "data.aws_vpc.default_vpc"
          ]
        }
      ]
    },
    {
      "mode": "managed",
      "type": "aws_key_pair",
      "name": "mlops_key_pair",
      "provider": "provider[\"registry.terraform.io/hashicorp/aws\"]",
      "instances": [
        {
          "schema_version": 1,
          "attributes": {
            "arn": "arn:aws:ec2:us-east-1:851547774609:key-pair/mlops-hate-speech-ec2-key",
            "fingerprint": "fe:fb:6f:f1:bb:83:34:7e:1a:95:95:6d:ad:b0:72:c2",
            "id": "mlops-hate-speech-ec2-key",
            "key_name": "mlops-hate-speech-ec2-key",
            "key_name_prefix": "",
            "key_pair_id": "key-06773ad0dab46a3d1",
            "key_type": "rsa",
            "public_key": "ssh-rsa AAAAB3NzaC1yc2EAAAADAQABAAACAQCUAG9lhD0FrwAarBAVG8fyitqidpxK2QmL4wjF9aIDJKgemyhwaxaSm9zbFPhQaO1D227UXK8pZVh4uyKR46RziwatffzBsw+7P9FcfXFklrmCwlVDPJdM3rOI6m8x5oCSAQVrHMNBz1Xw8IqxeAE8gXoHNnj/C8fr3/A8R2b6h/XdOhO4FMByU9DUtY34lD7LANLwyC6ZMYGH164/hZlftsZJTHu3gCJcu1zk/cuPtyvKEjkCCVYz0clkR+3hgGxLGvGIz835F3OMBDd5xI/oHsRTU+sLby89QMXTQEPx/yrxio/yLW22UN2NNnq0pViNqWQb2dlpwQWHXLGgp481vlPGJ6ZiA6l4Hr44QoAoz2PSAGQsHtZ+PwH0alhFNwHQDzQ6YWmaZFcqTVmfC+VotIn8pE8NMa07BYJ7bBmSla3GoCEUFMmRdZ8iGVimtHuTJrvUQQFc49K6cDB5SV2R2nUhuolbP3mbGhGBv0zoka0BG/bcnlBZ4mPkj81Tgg/PQpmLJHUP9NYegzc7FsNmKmCqEnaDz+YLOVCiPJE/Ma5z2NWxgmrCyU26+WEjkSEq5y5NdBHXr5hc7JYNKmxTsyNo0XZD4i0v+QBF1O3dDXUNfdojOZWWnaDeZDTenbWkF9DHIwGJVqnsj1/9322jyq7eGwicWfHd8PGBhbW52w== jeanverso@archlinux",
            "tags": null,
            "tags_all": {}
          },
          "sensitive_attributes": [],
          "identity_schema_version": 0,
          "private": "eyJzY2hlbWFfdmVyc2lvbiI6IjEifQ=="
        }
      ]
    },
    {
      "mode": "managed",
      "type": "aws_s3_bucket",
      "name": "data_bucket",
      "provider": "provider[\"registry.terraform.io/hashicorp/aws\"]",
      "instances": [
        {
          "schema_version": 0,
          "attributes": {
            "acceleration_status": "",
            "acl": null,
            "arn": "arn:aws:s3:::mlops-hate-speech-data-bucket-us-east-1",
            "bucket": "mlops-hate-speech-data-bucket-us-east-1",
            "bucket_domain_name": "mlops-hate-speech-data-bucket-us-east-1.s3.amazonaws.com",
            "bucket_prefix": "",
            "bucket_regional_domain_name": "mlops-hate-speech-data-bucket-us-east-1.s3.us-east-1.amazonaws.com",
            "cors_rule": [],
            "force_destroy": false,
            "grant": [
              {
                "id": "379ca75bab92a29268efb5167397d3ee9697672a3b12bc04bc2dcd6976d9b010",
                "permissions": [
                  "FULL_CONTROL"
                ],
                "type": "CanonicalUser",
                "uri": ""
              }
            ],
            "hosted_zone_id": "Z3AQBSTGFYJSTF",
            "id": "mlops-hate-speech-data-bucket-us-east-1",
            "lifecycle_rule": [],
            "logging": [],
            "object_lock_configuration": [],
            "object_lock_enabled": false,
            "policy": "",
            "region": "us-east-1",
            "replication_configuration": [],
            "request_payer": "BucketOwner",
            "server_side_encryption_configuration": [
              {
                "rule": [
                  {
                    "apply_server_side_encryption_by_default": [
                      {
                        "kms_master_key_id": "",
                        "sse_algorithm": "AES256"
                      }
                    ],
                    "bucket_key_enabled": false
                  }
                ]
              }
            ],
            "tags": {
              "Environment": "dev",
              "Project": "mlops-hate-speech"
            },
            "tags_all": {
              "Environment": "dev",
              "Project": "mlops-hate-speech"
            },
            "timeouts": null,
            "versioning": [
              {
                "enabled": false,
                "mfa_delete": false
              }
            ],
            "website": [],
            "website_domain": null,
            "website_endpoint": null
          },
          "sensitive_attributes": [],
          "identity_schema_version": 0,
          "private": "eyJlMmJmYjczMC1lY2FhLTExZTYtOGY4OC0zNDM2M2JjN2M0YzAiOnsiY3JlYXRlIjoxMjAwMDAwMDAwMDAwLCJkZWxldGUiOjM2MDAwMDAwMDAwMDAsInJlYWQiOjEyMDAwMDAwMDAwMDAsInVwZGF0ZSI6MTIwMDAwMDAwMDAwMH19"
        }
      ]
    },
    {
      "mode": "managed",
      "type": "aws_s3_bucket_versioning",
      "name": "data_bucket_versioning",
      "provider": "provider[\"registry.terraform.io/hashicorp/aws\"]",
      "instances": [
        {
          "schema_version": 0,
          "attributes": {
            "bucket": "mlops-hate-speech-data-bucket-us-east-1",
            "expected_bucket_owner": "",
            "id": "mlops-hate-speech-data-bucket-us-east-1",
            "mfa": null,
            "versioning_configuration": [
              {
                "mfa_delete": "",
                "status": "Enabled"
              }
            ]
          },
          "sensitive_attributes": [],
          "identity_schema_version": 0,
          "private": "bnVsbA==",
          "dependencies": [
            "aws_s3_bucket.data_bucket"
          ]
        }
      ]
    },
    {
      "mode": "managed",
      "type": "aws_security_group",
      "name": "ec2_security_group",
      "provider": "provider[\"registry.terraform.io/hashicorp/aws\"]",
      "instances": [
        {
          "schema_version": 1,
          "attributes": {
            "arn": "arn:aws:ec2:us-east-1:851547774609:security-group/sg-08b75d604e832984a",
            "description": "Permitir trafego SSH para a instancia EC2",
            "egress": [
              {
                "cidr_blocks": [
                  "0.0.0.0/0"
                ],
                "description": "",
                "from_port": 0,
                "ipv6_cidr_blocks": [],
                "prefix_list_ids": [],
                "protocol": "-1",
                "security_groups": [],
                "self": false,
                "to_port": 0
              }
            ],
            "id": "sg-08b75d604e832984a",
            "ingress": [
              {
                "cidr_blocks": [
                  "0.0.0.0/0"
                ],
                "description": "SSH from VPC",
                "from_port": 22,
                "ipv6_cidr_blocks": [],
                "prefix_list_ids": [],
                "protocol": "tcp",
                "security_groups": [],
                "self": false,
                "to_port": 22
              }
            ],
            "name": "mlops-hate-speech-ec2-sg",
            "name_prefix": "",
            "owner_id": "851547774609",
            "revoke_rules_on_delete": false,
            "tags": {
              "Environment": "dev",
              "Project": "mlops-hate-speech"
            },
            "tags_all": {
              "Environment": "dev",
              "Project": "mlops-hate-speech"
            },
            "timeouts": null,
            "vpc_id": "vpc-0f3d6b2b8c008d3c9"
          },
          "sensitive_attributes": [],
          "identity_schema_version": 0,
          "private": "eyJlMmJmYjczMC1lY2FhLTExZTYtOGY4OC0zNDM2M2JjN2M0YzAiOnsiY3JlYXRlIjo2MDAwMDAwMDAwMDAsImRlbGV0ZSI6OTAwMDAwMDAwMDAwfSwic2NoZW1hX3ZlcnNpb24iOiIxIn0=",
          "dependencies": [
            "data.aws_vpc.default_vpc"
          ]
        }
      ]
    }
  ],
  "check_results": null
}
